
Microsoft Visual Studio Solution File, Format Version 12.00
# Visual Studio 15
VisualStudioVersion = 15.0.28010.2046
MinimumVisualStudioVersion = 10.0.40219.1
Project("{FAE04EC0-301F-11D3-BF4B-00C04F79EFBC}") = "CSRF_vulnerable", "CSRF_post_demo\CSRF_vulnerable.csproj", "{B823423D-9C87-412A-A341-C342357EE283}"
EndProject
Project("{FAE04EC0-301F-11D3-BF4B-00C04F79EFBC}") = "Hacker", "Hacker\Hacker.csproj", "{F3427AE4-134F-4F34-B3B4-F2E00FFC28CF}"
EndProject
Global
	GlobalSection(SolutionConfigurationPlatforms) = preSolution
		Debug|Any CPU = Debug|Any CPU
		Release|Any CPU = Release|Any CPU
	EndGlobalSection
	GlobalSection(ProjectConfigurationPlatforms) = postSolution
		{B823423D-9C87-412A-A341-C342357EE283}.Debug|Any CPU.ActiveCfg = Debug|Any CPU
		{B823423D-9C87-412A-A341-C342357EE283}.Debug|Any CPU.Build.0 = Debug|Any CPU
		{B823423D-9C87-412A-A341-C342357EE283}.Release|Any CPU.ActiveCfg = Release|Any CPU
		{B823423D-9C87-412A-A341-C342357EE283}.Release|Any CPU.Build.0 = Release|Any CPU
		{F3427AE4-134F-4F34-B3B4-F2E00FFC28CF}.Debug|Any CPU.ActiveCfg = Debug|Any CPU
		{F3427AE4-134F-4F34-B3B4-F2E00FFC28CF}.Debug|Any CPU.Build.0 = Debug|Any CPU
		{F3427AE4-134F-4F34-B3B4-F2E00FFC28CF}.Release|Any CPU.ActiveCfg = Release|Any CPU
		{F3427AE4-134F-4F34-B3B4-F2E00FFC28CF}.Release|Any CPU.Build.0 = Release|Any CPU
	EndGlobalSection
	GlobalSection(SolutionProperties) = preSolution
		HideSolutionNode = FALSE
	EndGlobalSection
	GlobalSection(ExtensibilityGlobals) = postSolution
		SolutionGuid = {EFF04E76-8BE3-4F64-B564-F5AD3E3A585E}
	EndGlobalSection
EndGlobal
